
Microsoft Visual Studio Solution File, Format Version 12.00
# Visual Studio Version 17
VisualStudioVersion = 17.2.32602.215
MinimumVisualStudioVersion = 10.0.40219.1
Project("{8BC9CEB8-8B4A-11D0-8D11-00A0C91BC942}") = "TestSample", "TestSample\TestSample.vcxproj", "{80DB41C6-CB57-4280-9435-E9155E0AD46D}"
EndProject
Project("{8BC9CEB8-8B4A-11D0-8D11-00A0C91BC942}") = "Sample-Test2", "Sample-Test2\Sample-Test2.vcxproj", "{FE8A7106-0B04-43B8-8B41-4D32CA0C6215}"
EndProject
Global
	GlobalSection(SolutionConfigurationPlatforms) = preSolution
		Debug|x64 = Debug|x64
		Debug|x86 = Debug|x86
		Release|x64 = Release|x64
		Release|x86 = Release|x86
	EndGlobalSection
	GlobalSection(ProjectConfigurationPlatforms) = postSolution
		{80DB41C6-CB57-4280-9435-E9155E0AD46D}.Debug|x64.ActiveCfg = Debug|x64
		{80DB41C6-CB57-4280-9435-E9155E0AD46D}.Debug|x64.Build.0 = Debug|x64
		{80DB41C6-CB57-4280-9435-E9155E0AD46D}.Debug|x86.ActiveCfg = Debug|Win32
		{80DB41C6-CB57-4280-9435-E9155E0AD46D}.Debug|x86.Build.0 = Debug|Win32
		{80DB41C6-CB57-4280-9435-E9155E0AD46D}.Release|x64.ActiveCfg = Release|x64
		{80DB41C6-CB57-4280-9435-E9155E0AD46D}.Release|x64.Build.0 = Release|x64
		{80DB41C6-CB57-4280-9435-E9155E0AD46D}.Release|x86.ActiveCfg = Release|Win32
		{80DB41C6-CB57-4280-9435-E9155E0AD46D}.Release|x86.Build.0 = Release|Win32
		{FE8A7106-0B04-43B8-8B41-4D32CA0C6215}.Debug|x64.ActiveCfg = Debug|x64
		{FE8A7106-0B04-43B8-8B41-4D32CA0C6215}.Debug|x64.Build.0 = Debug|x64
		{FE8A7106-0B04-43B8-8B41-4D32CA0C6215}.Debug|x86.ActiveCfg = Debug|Win32
		{FE8A7106-0B04-43B8-8B41-4D32CA0C6215}.Debug|x86.Build.0 = Debug|Win32
		{FE8A7106-0B04-43B8-8B41-4D32CA0C6215}.Release|x64.ActiveCfg = Release|x64
		{FE8A7106-0B04-43B8-8B41-4D32CA0C6215}.Release|x64.Build.0 = Release|x64
		{FE8A7106-0B04-43B8-8B41-4D32CA0C6215}.Release|x86.ActiveCfg = Release|Win32
		{FE8A7106-0B04-43B8-8B41-4D32CA0C6215}.Release|x86.Build.0 = Release|Win32
	EndGlobalSection
	GlobalSection(SolutionProperties) = preSolution
		HideSolutionNode = FALSE
	EndGlobalSection
	GlobalSection(ExtensibilityGlobals) = postSolution
		SolutionGuid = {54AAC913-35E6-4B96-85CB-4DB58C81AA68}
	EndGlobalSection
EndGlobal
